# THIS IS AN AUTOGENERATED FILE. DO NOT EDIT THIS FILE DIRECTLY.
# yarn lockfile v1


"@hotwired/stimulus@>=3.0.0", "@hotwired/stimulus@^3.0.1":
  version "3.0.1"
  resolved "https://registry.yarnpkg.com/@hotwired/stimulus/-/stimulus-3.0.1.tgz#141f15645acaa3b133b7c247cad58ae252ffae85"
  integrity sha512-oHsJhgY2cip+K2ED7vKUNd2P+BEswVhrCYcJ802DSsblJFv7mPFVk3cQKvm2vHgHeDVdnj7oOKrBbzp1u8D+KA==

"@hotwired/turbo@^7.1.0":
  version "7.1.0"
  resolved "https://registry.yarnpkg.com/@hotwired/turbo/-/turbo-7.1.0.tgz#27e44e0e3dc5bd1d4bda0766d579cf5a14091cd7"
  integrity sha512-Q8kGjqwPqER+CtpQudbH+3Zgs2X4zb6pBAlr6NsKTXadg45pAOvxI9i4QpuHbwSzR2+x87HUm+rot9F/Pe8rxA==

"@orchidjs/sifter@^0.9.0":
  version "0.9.0"
  resolved "https://registry.yarnpkg.com/@orchidjs/sifter/-/sifter-0.9.0.tgz#07eab78de2ac1799d2c169bf1f2e3e746d86c32c"
  integrity sha512-NDYPhjdydJNbwDRvMFyUFFeImj1a+CJAwpjh/goKmvTHi726DPAJ1nW0X05p/GsorQgXHwhgDPyu6WaYqd4cRA==

"@rails/actiontext@^7.0.1":
  version "7.0.1"
  resolved "https://registry.yarnpkg.com/@rails/actiontext/-/actiontext-7.0.1.tgz#e45d491b959092c45d4eacfae212369419685d9b"
  integrity sha512-O9relaASXsUj8JavDLW16hIBGtiDDIDiQhQY4MKDpk90J9vwzJfswKIABRFd8WK3nF8oKvZY27x2J0pdXt4wWA==
  dependencies:
    "@rails/activestorage" ">= 7.0.0-alpha1"

"@rails/activestorage@>= 7.0.0-alpha1", "@rails/activestorage@^7.0.1":
  version "7.0.1"
  resolved "https://registry.yarnpkg.com/@rails/activestorage/-/activestorage-7.0.1.tgz#207f445b684a210a9673b9f7177d83fa9e199088"
  integrity sha512-086z2aymPsfJITR8tbXjMr5OipfoFcoWJn5y5krXx3zo9zCEBQjSVR/tS2oHQGCSxIsF0E7a9Ds1cFXrnEdSKQ==
  dependencies:
    spark-md5 "^3.0.1"

"@rails/ujs@^7.0.1":
  version "7.0.1"
  resolved "https://registry.yarnpkg.com/@rails/ujs/-/ujs-7.0.1.tgz#cb515d52c85be107908dd00822042f04e52cdea7"
  integrity sha512-ZUkgsbz5KFLfBwjIQ2D/kvyq+2w5BuNnkUJf3940VVJxov9GECu6n2BSXUTmyNAx+R6JQdibzXBuR7nz3crZYw==

spark-md5@^3.0.1:
  version "3.0.2"
  resolved "https://registry.yarnpkg.com/spark-md5/-/spark-md5-3.0.2.tgz#7952c4a30784347abcee73268e473b9c0167e3fc"
  integrity sha512-wcFzz9cDfbuqe0FZzfi2or1sgyIrsDwmPwfZC4hiNidPdPINjeUwNfv5kldczoEAcjl9Y1L3SM7Uz2PUEQzxQw==

stimulus-flatpickr@^1.4.0:
  version "1.4.0"
  resolved "https://registry.yarnpkg.com/stimulus-flatpickr/-/stimulus-flatpickr-1.4.0.tgz#a41071a3e69cfc50b7eaaacf356fc0ab1ab0543c"
  integrity sha512-rcC/c9+E+f5W2kOjaaLShtf3i+p95ACqt+oGzSAgeuZh2YeIN8gW4EWO7h0STBLzSVPl6BjIfPWP7upMPavIVQ==

tailwindcss-stimulus-components@^3.0.2:
  version "3.0.2"
  resolved "https://registry.yarnpkg.com/tailwindcss-stimulus-components/-/tailwindcss-stimulus-components-3.0.2.tgz#6104c0675fa2560fc3528df803044d30437d429b"
  integrity sha512-jwTP+keIYN/AMIDBhUAklfUvqqhAnRN18eF8Sqm9qoEpJPssyY3kLZjJPTw13MmtPVcFmYOybdBQ015sI+SmTg==
  dependencies:
    "@hotwired/stimulus" ">=3.0.0"

tom-select@^2.0.0:
  version "2.0.0"
  resolved "https://registry.yarnpkg.com/tom-select/-/tom-select-2.0.0.tgz#751ac1087cce29bd40e09f1a604e9ad69451fc86"
  integrity sha512-ArECm8bNnv8GMTpvSQawesKX6IDv32cylqivjbghwCddYwfngmz+nOtEhQZkEye7BY415eutqhb4XYim2EL8Hg==
  dependencies:
    "@orchidjs/sifter" "^0.9.0"

trix@^2.0.0-alpha.0:
  version "2.0.0-alpha.0"
  resolved "https://registry.yarnpkg.com/trix/-/trix-2.0.0-alpha.0.tgz#dc47e935710d5c1dbcdebe252aed72b9341de247"
  integrity sha512-JE2iiWE4rimzRv6Um87flkGAv4lsF6tin0XJ7yFFBdnFYjUVwMmLW7Z61kQyNorKU2XmhWMwiEEvqru9EcVjHQ==
