# THIS IS AN AUTOGENERATED FILE. DO NOT EDIT THIS FILE DIRECTLY.
# yarn lockfile v1


"@babel/runtime@^7.9.2":
  version "7.17.0"
  resolved "https://registry.yarnpkg.com/@babel/runtime/-/runtime-7.17.0.tgz#b8d142fc0f7664fb3d9b5833fd40dcbab89276c0"
  integrity sha512-etcO/ohMNaNA2UBdaXBBSX/3aEzFMRrVfaPv8Ptc0k+cWpWW0QFiGZ2XnVqQZI1Cf734LbPGmqBKWESfW4x/dQ==
  dependencies:
    regenerator-runtime "^0.13.4"

"@hotwired/stimulus@^3.0.1":
  version "3.0.1"
  resolved "https://registry.yarnpkg.com/@hotwired/stimulus/-/stimulus-3.0.1.tgz#141f15645acaa3b133b7c247cad58ae252ffae85"
  integrity sha512-oHsJhgY2cip+K2ED7vKUNd2P+BEswVhrCYcJ802DSsblJFv7mPFVk3cQKvm2vHgHeDVdnj7oOKrBbzp1u8D+KA==

"@hotwired/turbo@^7.1.0":
  version "7.1.0"
  resolved "https://registry.yarnpkg.com/@hotwired/turbo/-/turbo-7.1.0.tgz#27e44e0e3dc5bd1d4bda0766d579cf5a14091cd7"
  integrity sha512-Q8kGjqwPqER+CtpQudbH+3Zgs2X4zb6pBAlr6NsKTXadg45pAOvxI9i4QpuHbwSzR2+x87HUm+rot9F/Pe8rxA==

"@orchidjs/sifter@^0.9.1":
  version "0.9.1"
  resolved "https://registry.yarnpkg.com/@orchidjs/sifter/-/sifter-0.9.1.tgz#20580cb75bcc1de3c9b9c021e0e546eb59ff2813"
  integrity sha512-bdW8vKTlWXfoAvUud0a4OeVPrtdvHH8gTshKqndzxAI6bXGPBejgry2wvIz0OZOqOuWuFAJWgNCjq/6S85U77A==

"@popperjs/core@^2.11.2":
  version "2.11.2"
  resolved "https://registry.yarnpkg.com/@popperjs/core/-/core-2.11.2.tgz#830beaec4b4091a9e9398ac50f865ddea52186b9"
  integrity sha512-92FRmppjjqz29VMJ2dn+xdyXZBrMlE42AV6Kq6BwjWV7CNUW1hs2FtxSNLQE+gJhaZ6AAmYuO9y8dshhcBl7vA==

"@rails/actiontext@^6.1.5":
  version "6.1.5"
  resolved "https://registry.yarnpkg.com/@rails/actiontext/-/actiontext-6.1.5.tgz#29006cff520b72c6845f474540a9ea142eae6380"
  integrity sha512-V88uyueaL4VeU0u0P3GiuM0vSBYW3pluYyI7jMmZKWfGZKCspmRLDaJE+30Bx4h3ZQJcRrOCFoTU8hK0cFmCsw==
  dependencies:
    "@rails/activestorage" "^6.0.0"

"@rails/activestorage@^6.0.0", "@rails/activestorage@^6.1.5":
  version "6.1.5"
  resolved "https://registry.yarnpkg.com/@rails/activestorage/-/activestorage-6.1.5.tgz#a43929573b2ffae54857ffa3b7ac1988af42b681"
  integrity sha512-7L0eWqrguZIyvfPOpVoZRChuIgxbpBdwdVtprT6wrl5rUAbdyHr6AZczl1yS+5d6nBV0TqpVLaB1sGxi2aMbCQ==
  dependencies:
    spark-md5 "^3.0.0"

"@rails/ujs@^6.1.5":
  version "6.1.5"
  resolved "https://registry.yarnpkg.com/@rails/ujs/-/ujs-6.1.5.tgz#bb1afddd0d771f00924f44b21634969e329532e1"
  integrity sha512-Ir4yd2fdDldWIghavPr874copVKf6OOoecKHZiFRlPtm38tFvhyxr+ywzNieXGwolF9JQe3D5GrM8ejkzUgh5Q==

"@tabler/core@^1.0.0-beta9":
  version "1.0.0-beta9"
  resolved "https://registry.yarnpkg.com/@tabler/core/-/core-1.0.0-beta9.tgz#5ec33675a63bf8eb562b8d7ff26684e6e53d869b"
  integrity sha512-4+QYkL+s0IXZUlJc6oNpugVIFgwXOW5HfcxSO08SKCIaa8uGBZ9OqFq5duX+IpG/PWKroEnIQO8XAGELigvK7A==
  dependencies:
    "@popperjs/core" "^2.11.2"
    "@tabler/icons" "^1.53.0"
    bootstrap "5.1.3"

"@tabler/icons@^1.53.0", "@tabler/icons@^1.55.0":
  version "1.55.0"
  resolved "https://registry.yarnpkg.com/@tabler/icons/-/icons-1.55.0.tgz#db72bddbd2be9a75405f2eab102d7d06e5a6f1d0"
  integrity sha512-svozMn83K/93R8NZrklc8b0TtuzAVckKaYHgOu5ZRCeGwoyGPUCgeWd3/cTFoE0eUaJ4KwhqU1eXa2yJ8KcT5w==

bootstrap@5.1.3, bootstrap@^5.1.3:
  version "5.1.3"
  resolved "https://registry.yarnpkg.com/bootstrap/-/bootstrap-5.1.3.tgz#ba081b0c130f810fa70900acbc1c6d3c28fa8f34"
  integrity sha512-fcQztozJ8jToQWXxVuEyXWW+dSo8AiXWKwiSSrKWsRB/Qt+Ewwza+JWoLKiTuQLaEPhdNAJ7+Dosc9DOIqNy7Q==

choices.js@^9.0.1:
  version "9.1.0"
  resolved "https://registry.yarnpkg.com/choices.js/-/choices.js-9.1.0.tgz#fdf5c1f9df4f85f015fb82c01841f22d15b56ee0"
  integrity sha512-6NnqiE/MNnNAiMzdW7phJ49nMQylkKMQ6La6PAS1+h1VhrGt38MOPnjzEJ3cRaECieqaGpl9eFGtI2icW27r8A==
  dependencies:
    deepmerge "^4.2.2"
    fuse.js "^3.4.6"
    redux "^4.1.2"

deepmerge@^4.2.2:
  version "4.2.2"
  resolved "https://registry.yarnpkg.com/deepmerge/-/deepmerge-4.2.2.tgz#44d2ea3679b8f4d4ffba33f03d865fc1e7bf4955"
  integrity sha512-FJ3UgI4gIl+PHZm53knsuSFpE+nESMr7M4v9QcgB7S63Kj/6WqMiFQJpBBYz1Pt+66bZpP3Q7Lye0Oo9MPKEdg==

flatpickr@^4.6.9:
  version "4.6.9"
  resolved "https://registry.yarnpkg.com/flatpickr/-/flatpickr-4.6.9.tgz#9a13383e8a6814bda5d232eae3fcdccb97dc1499"
  integrity sha512-F0azNNi8foVWKSF+8X+ZJzz8r9sE1G4hl06RyceIaLvyltKvDl6vqk9Lm/6AUUCi5HWaIjiUbk7UpeE/fOXOpw==

fuse.js@^3.4.6:
  version "3.6.1"
  resolved "https://registry.yarnpkg.com/fuse.js/-/fuse.js-3.6.1.tgz#7de85fdd6e1b3377c23ce010892656385fd9b10c"
  integrity sha512-hT9yh/tiinkmirKrlv4KWOjztdoZo1mx9Qh4KvWqC7isoXwdUY3PNWUxceF4/qO9R6riA2C29jdTOeQOIROjgw==

highlight.js@^11.4.0:
  version "11.4.0"
  resolved "https://registry.yarnpkg.com/highlight.js/-/highlight.js-11.4.0.tgz#34ceadd49e1596ee5aba3d99346cdfd4845ee05a"
  integrity sha512-nawlpCBCSASs7EdvZOYOYVkJpGmAOKMYZgZtUqSRqodZE0GRVcFKwo1RcpeOemqh9hyttTdd5wDBwHkuSyUfnA==

inputmask@^5.0.7:
  version "5.0.7"
  resolved "https://registry.yarnpkg.com/inputmask/-/inputmask-5.0.7.tgz#b04d5d4e1c85018893c3c8edb1a9f074b051007f"
  integrity sha512-rUxbRDS25KEib+c/Ow+K01oprU/+EK9t9SOPC8ov94/ftULGDqj1zOgRU/Hko6uzoKRMdwCfuhAafJ/Wk2wffQ==

litepicker@^2.0.12:
  version "2.0.12"
  resolved "https://registry.yarnpkg.com/litepicker/-/litepicker-2.0.12.tgz#7b583024ddddbd04849036bda28e3f1b8b4ef8f3"
  integrity sha512-1N0sZJca/eALvS1hbJsVqKXwJAmp0BsJn73kZKWGGLjZkvjKr7HXGPV+/shu60aEY/JXoOg2XUmo7hbdIOsFpQ==

redux@^4.1.2:
  version "4.1.2"
  resolved "https://registry.yarnpkg.com/redux/-/redux-4.1.2.tgz#140f35426d99bb4729af760afcf79eaaac407104"
  integrity sha512-SH8PglcebESbd/shgf6mii6EIoRM0zrQyjcuQ+ojmfxjTtE0z9Y8pa62iA/OJ58qjP6j27uyW4kUF4jl/jd6sw==
  dependencies:
    "@babel/runtime" "^7.9.2"

regenerator-runtime@^0.13.4:
  version "0.13.9"
  resolved "https://registry.yarnpkg.com/regenerator-runtime/-/regenerator-runtime-0.13.9.tgz#8925742a98ffd90814988d7566ad30ca3b263b52"
  integrity sha512-p3VT+cOEgxFsRRA9X4lkI1E+k2/CtnKtU4gcxyaCUreilL/vqI6CdZ3wxVUx3UOUg+gnUOQQcRI7BmSI656MYA==

spark-md5@^3.0.0:
  version "3.0.2"
  resolved "https://registry.yarnpkg.com/spark-md5/-/spark-md5-3.0.2.tgz#7952c4a30784347abcee73268e473b9c0167e3fc"
  integrity sha512-wcFzz9cDfbuqe0FZzfi2or1sgyIrsDwmPwfZC4hiNidPdPINjeUwNfv5kldczoEAcjl9Y1L3SM7Uz2PUEQzxQw==

tom-select@^2.0.1:
  version "2.0.1"
  resolved "https://registry.yarnpkg.com/tom-select/-/tom-select-2.0.1.tgz#e3a6e6de61070274f746543f177107970a36b878"
  integrity sha512-HTFf0OTwA2k8YCUqIZOenvr+ZrV4LMOUjCn3n5XS8wIpigcxKVvs5XRhBSGedhRJ8s+VmemIqy6rnabgBYX+6w==
  dependencies:
    "@orchidjs/sifter" "^0.9.1"

trix@^1.3.1:
  version "1.3.1"
  resolved "https://registry.yarnpkg.com/trix/-/trix-1.3.1.tgz#ccce8d9e72bf0fe70c8c019ff558c70266f8d857"
  integrity sha512-BbH6mb6gk+AV4f2as38mP6Ucc1LE3OD6XxkZnAgPIduWXYtvg2mI3cZhIZSLqmMh9OITEpOBCCk88IVmyjU7bA==
